
Microsoft Visual Studio Solution File, Format Version 12.00
# Visual Studio 15
VisualStudioVersion = 15.0.27130.2027
MinimumVisualStudioVersion = 10.0.40219.1
Project("{FAE04EC0-301F-11D3-BF4B-00C04F79EFBC}") = "BangUI", "BangUI\BangUI.csproj", "{95108034-2607-4050-B296-2F14F9C2BF61}"
EndProject
Project("{FAE04EC0-301F-11D3-BF4B-00C04F79EFBC}") = "Bang", "Bang\Bang.csproj", "{4D1A4F0E-3E49-4854-A4FF-8F66F0846B23}"
EndProject
Global
	GlobalSection(SolutionConfigurationPlatforms) = preSolution
		Debug|Any CPU = Debug|Any CPU
		Release|Any CPU = Release|Any CPU
	EndGlobalSection
	GlobalSection(ProjectConfigurationPlatforms) = postSolution
		{95108034-2607-4050-B296-2F14F9C2BF61}.Debug|Any CPU.ActiveCfg = Debug|Any CPU
		{95108034-2607-4050-B296-2F14F9C2BF61}.Debug|Any CPU.Build.0 = Debug|Any CPU
		{95108034-2607-4050-B296-2F14F9C2BF61}.Release|Any CPU.ActiveCfg = Release|Any CPU
		{95108034-2607-4050-B296-2F14F9C2BF61}.Release|Any CPU.Build.0 = Release|Any CPU
		{4D1A4F0E-3E49-4854-A4FF-8F66F0846B23}.Debug|Any CPU.ActiveCfg = Debug|Any CPU
		{4D1A4F0E-3E49-4854-A4FF-8F66F0846B23}.Debug|Any CPU.Build.0 = Debug|Any CPU
		{4D1A4F0E-3E49-4854-A4FF-8F66F0846B23}.Release|Any CPU.ActiveCfg = Release|Any CPU
		{4D1A4F0E-3E49-4854-A4FF-8F66F0846B23}.Release|Any CPU.Build.0 = Release|Any CPU
	EndGlobalSection
	GlobalSection(SolutionProperties) = preSolution
		HideSolutionNode = FALSE
	EndGlobalSection
	GlobalSection(ExtensibilityGlobals) = postSolution
		SolutionGuid = {FA042FB5-EDE4-424F-A7F1-443612D5C2DD}
	EndGlobalSection
EndGlobal
